
Microsoft Visual Studio Solution File, Format Version 11.00
# Visual Studio 2010
Project("{FAE04EC0-301F-11D3-BF4B-00C04F79EFBC}") = "manevra1", "Assembly-CSharp.csproj", "{5E3E16A4-E4D7-98C5-39C7-F4AFD6898497}"
EndProject
Project("{FAE04EC0-301F-11D3-BF4B-00C04F79EFBC}") = "manevra1", "Assembly-CSharp-Editor.csproj", "{EB0EE559-A767-62BB-EEE1-9518CE666080}"
EndProject
Global
	GlobalSection(SolutionConfigurationPlatforms) = preSolution
		Debug|Any CPU = Debug|Any CPU
		Release|Any CPU = Release|Any CPU
	EndGlobalSection
	GlobalSection(ProjectConfigurationPlatforms) = postSolution
		{5E3E16A4-E4D7-98C5-39C7-F4AFD6898497}.Debug|Any CPU.ActiveCfg = Debug|Any CPU
		{5E3E16A4-E4D7-98C5-39C7-F4AFD6898497}.Debug|Any CPU.Build.0 = Debug|Any CPU
		{5E3E16A4-E4D7-98C5-39C7-F4AFD6898497}.Release|Any CPU.ActiveCfg = Release|Any CPU
		{5E3E16A4-E4D7-98C5-39C7-F4AFD6898497}.Release|Any CPU.Build.0 = Release|Any CPU
		{EB0EE559-A767-62BB-EEE1-9518CE666080}.Debug|Any CPU.ActiveCfg = Debug|Any CPU
		{EB0EE559-A767-62BB-EEE1-9518CE666080}.Debug|Any CPU.Build.0 = Debug|Any CPU
		{EB0EE559-A767-62BB-EEE1-9518CE666080}.Release|Any CPU.ActiveCfg = Release|Any CPU
		{EB0EE559-A767-62BB-EEE1-9518CE666080}.Release|Any CPU.Build.0 = Release|Any CPU
	EndGlobalSection
	GlobalSection(SolutionProperties) = preSolution
		HideSolutionNode = FALSE
	EndGlobalSection
	GlobalSection(MonoDevelopProperties) = preSolution
		StartupItem = Assembly-CSharp.csproj
	EndGlobalSection
EndGlobal
